
Microsoft Visual Studio Solution File, Format Version 11.00
# Visual Studio 2010
Project("{FAE04EC0-301F-11D3-BF4B-00C04F79EFBC}") = "5mqms3q1.zci", "5mqms3q1.zci\5mqms3q1.zci.csproj", "{11BB476C-8678-4CD2-8592-6D88D0CF179D}"
EndProject
Global
	GlobalSection(SolutionConfigurationPlatforms) = preSolution
		Debug|Any CPU = Debug|Any CPU
		Release|Any CPU = Release|Any CPU
	EndGlobalSection
	GlobalSection(ProjectConfigurationPlatforms) = postSolution
		{11BB476C-8678-4CD2-8592-6D88D0CF179D}.Debug|Any CPU.ActiveCfg = Debug|Any CPU
		{11BB476C-8678-4CD2-8592-6D88D0CF179D}.Debug|Any CPU.Build.0 = Debug|Any CPU
		{11BB476C-8678-4CD2-8592-6D88D0CF179D}.Release|Any CPU.ActiveCfg = Release|Any CPU
		{11BB476C-8678-4CD2-8592-6D88D0CF179D}.Release|Any CPU.Build.0 = Release|Any CPU
	EndGlobalSection
	GlobalSection(SolutionProperties) = preSolution
		HideSolutionNode = FALSE
	EndGlobalSection
EndGlobal
